name: Let workflow failed if conversation is unlocked
on:
  pull_request:
    types: [opened, edited, reopened, locked, unlocked, synchronize]
  workflow_run:
    workflows: 
      - Lock pull request when approved
    types:
      - "completed"
jobs:
  check-locked:
    runs-on: ubuntu-latest
    steps:
      - name: Let workflow failed if conversation is unlocked
        if: ${{github.event.pull_request.locked != true}}
        run: exit 1